
Microsoft Visual Studio Solution File, Format Version 12.00
# Visual Studio 15
Project("{FAE04EC0-301F-11D3-BF4B-00C04F79EFBC}") = "Unity.Timeline", "Unity.Timeline.csproj", "{71289030-B4DB-59E2-590F-2837A3708A3B}"
EndProject
Project("{FAE04EC0-301F-11D3-BF4B-00C04F79EFBC}") = "Unity.ShaderGraph.Editor", "Unity.ShaderGraph.Editor.csproj", "{DC192A12-D35C-87E0-EA10-C5B612BF35FF}"
EndProject
Project("{FAE04EC0-301F-11D3-BF4B-00C04F79EFBC}") = "Unity.2D.Aseprite.Editor", "Unity.2D.Aseprite.Editor.csproj", "{4F97D0F6-4BD8-E430-3148-E88B8A859E73}"
EndProject
Project("{FAE04EC0-301F-11D3-BF4B-00C04F79EFBC}") = "Unity.Localization", "Unity.Localization.csproj", "{1B6E3540-4CBD-96E1-974A-F6C54E5BEED2}"
EndProject
Project("{FAE04EC0-301F-11D3-BF4B-00C04F79EFBC}") = "Unity.VisualScripting.Flow", "Unity.VisualScripting.Flow.csproj", "{7CAC1EB4-D73D-FCA1-0CA4-A430BF5E32EE}"
EndProject
Project("{FAE04EC0-301F-11D3-BF4B-00C04F79EFBC}") = "Unity.Localization.Editor", "Unity.Localization.Editor.csproj", "{F530EE44-A2AF-4BA9-C3AC-C87E9CA907F0}"
EndProject
Project("{FAE04EC0-301F-11D3-BF4B-00C04F79EFBC}") = "Unity.RenderPipelines.Universal.Runtime", "Unity.RenderPipelines.Universal.Runtime.csproj", "{346DEB5C-DC2D-83A6-F3FF-4BF11613F11E}"
EndProject
Project("{FAE04EC0-301F-11D3-BF4B-00C04F79EFBC}") = "UnityEditor.UI", "UnityEditor.UI.csproj", "{B635EEFF-B42C-E3B7-3C70-F710335D9E94}"
EndProject
Project("{FAE04EC0-301F-11D3-BF4B-00C04F79EFBC}") = "Unity.Timeline.Editor", "Unity.Timeline.Editor.csproj", "{9F503B3C-DA93-B210-09BA-C27DCE957BC9}"
EndProject
Project("{FAE04EC0-301F-11D3-BF4B-00C04F79EFBC}") = "Unity.PlasticSCM.Editor", "Unity.PlasticSCM.Editor.csproj", "{794EEDAD-3CB3-7F2B-E880-DF377CADE5B2}"
EndProject
Project("{FAE04EC0-301F-11D3-BF4B-00C04F79EFBC}") = "Unity.RenderPipelines.Core.Runtime", "Unity.RenderPipelines.Core.Runtime.csproj", "{9FF123BB-79B5-FEFF-7AE5-569AFC8D664C}"
EndProject
Project("{FAE04EC0-301F-11D3-BF4B-00C04F79EFBC}") = "Unity.ScriptableBuildPipeline.Editor", "Unity.ScriptableBuildPipeline.Editor.csproj", "{DF5D1B99-4DC6-662E-8F2F-939359B24F6E}"
EndProject
Project("{FAE04EC0-301F-11D3-BF4B-00C04F79EFBC}") = "Unity.Mathematics", "Unity.Mathematics.csproj", "{6B218D46-C624-93F4-39C0-6F86EFFDE4D0}"
EndProject
Project("{FAE04EC0-301F-11D3-BF4B-00C04F79EFBC}") = "Unity.RenderPipelines.Core.Editor", "Unity.RenderPipelines.Core.Editor.csproj", "{3E488443-7D1C-3621-BE82-A95D507341E3}"
EndProject
Project("{FAE04EC0-301F-11D3-BF4B-00C04F79EFBC}") = "Unity.2D.Common.Path.Editor", "Unity.2D.Common.Path.Editor.csproj", "{24E7DE66-E0BC-4CCC-BBE0-63BE6B6A62DA}"
EndProject
Project("{FAE04EC0-301F-11D3-BF4B-00C04F79EFBC}") = "Unity.Addressables.Editor", "Unity.Addressables.Editor.csproj", "{DFD4E6D0-20E5-ADCF-953A-126DA4D2508B}"
EndProject
Project("{FAE04EC0-301F-11D3-BF4B-00C04F79EFBC}") = "Unity.2D.Psdimporter.Editor", "Unity.2D.Psdimporter.Editor.csproj", "{345F1E55-BD3F-EED6-57C9-56DFFF7FF2DE}"
EndProject
Project("{FAE04EC0-301F-11D3-BF4B-00C04F79EFBC}") = "Unity.2D.IK.Runtime", "Unity.2D.IK.Runtime.csproj", "{4B34E957-0682-1892-2889-9BCBD71AFB06}"
EndProject
Project("{FAE04EC0-301F-11D3-BF4B-00C04F79EFBC}") = "Unity.VisualScripting.Core.Editor", "Unity.VisualScripting.Core.Editor.csproj", "{ABC7BF00-63BF-779F-46D6-DC141E0C6197}"
EndProject
Project("{FAE04EC0-301F-11D3-BF4B-00C04F79EFBC}") = "UnityEditor.TestRunner", "UnityEditor.TestRunner.csproj", "{9FCF7AF2-1BC5-A3D9-820E-15CCDF8DFECF}"
EndProject
Project("{FAE04EC0-301F-11D3-BF4B-00C04F79EFBC}") = "Unity.RenderPipelines.Universal.Editor", "Unity.RenderPipelines.Universal.Editor.csproj", "{0C23B10D-BA5C-DF43-16E3-70C6BF6A842F}"
EndProject
Project("{FAE04EC0-301F-11D3-BF4B-00C04F79EFBC}") = "Unity.TextMeshPro.Editor", "Unity.TextMeshPro.Editor.csproj", "{9A835412-8D7F-A45D-D202-33A47D38B020}"
EndProject
Project("{FAE04EC0-301F-11D3-BF4B-00C04F79EFBC}") = "UnityEngine.TestRunner", "UnityEngine.TestRunner.csproj", "{A185A17C-26FF-9A8C-1B48-FE4E488FB8BE}"
EndProject
Project("{FAE04EC0-301F-11D3-BF4B-00C04F79EFBC}") = "Unity.VisualScripting.Core", "Unity.VisualScripting.Core.csproj", "{A180B0EE-1DEA-A7C7-004B-711A20D48F93}"
EndProject
Project("{FAE04EC0-301F-11D3-BF4B-00C04F79EFBC}") = "Unity.VisualScripting.Flow.Editor", "Unity.VisualScripting.Flow.Editor.csproj", "{6349D0DC-3FCD-5F96-0341-E39870DFE025}"
EndProject
Project("{FAE04EC0-301F-11D3-BF4B-00C04F79EFBC}") = "Unity.2D.Tilemap.Editor", "Unity.2D.Tilemap.Editor.csproj", "{39077C47-2897-5E94-35E0-CF36CBCFFF4C}"
EndProject
Project("{FAE04EC0-301F-11D3-BF4B-00C04F79EFBC}") = "Unity.Searcher.Editor", "Unity.Searcher.Editor.csproj", "{238A36B1-286A-E8E9-9595-536858D40718}"
EndProject
Project("{FAE04EC0-301F-11D3-BF4B-00C04F79EFBC}") = "Unity.Burst", "Unity.Burst.csproj", "{BE84F979-A360-8556-AD8F-134BD8B6ABB8}"
EndProject
Project("{FAE04EC0-301F-11D3-BF4B-00C04F79EFBC}") = "PsdPlugin", "PsdPlugin.csproj", "{8059F7C7-18BD-48F9-99E0-259C0CA0DA3C}"
EndProject
Project("{FAE04EC0-301F-11D3-BF4B-00C04F79EFBC}") = "Unity.AI.Navigation.Editor", "Unity.AI.Navigation.Editor.csproj", "{E81ED40B-93EC-4BAA-F4C2-0320C23F20D2}"
EndProject
Project("{FAE04EC0-301F-11D3-BF4B-00C04F79EFBC}") = "Unity.Collections", "Unity.Collections.csproj", "{A1C3957C-EB72-6D43-A23A-86A0C773BA7B}"
EndProject
Project("{FAE04EC0-301F-11D3-BF4B-00C04F79EFBC}") = "Unity.2D.Animation.Editor", "Unity.2D.Animation.Editor.csproj", "{6CA8E2C1-F379-BDBC-A850-7E9EE86E3A46}"
EndProject
Project("{FAE04EC0-301F-11D3-BF4B-00C04F79EFBC}") = "Unity.2D.SpriteShape.Editor", "Unity.2D.SpriteShape.Editor.csproj", "{97843D33-F226-27C0-7E43-8F7D4E68D7FF}"
EndProject
Project("{FAE04EC0-301F-11D3-BF4B-00C04F79EFBC}") = "Unity.VisualStudio.Editor", "Unity.VisualStudio.Editor.csproj", "{EC98E592-3563-4363-59B9-3FD59D1A41C7}"
EndProject
Project("{FAE04EC0-301F-11D3-BF4B-00C04F79EFBC}") = "PPv2URPConverters", "PPv2URPConverters.csproj", "{FB82D93B-5E81-8350-E36F-31E5D7DB60CB}"
EndProject
Project("{FAE04EC0-301F-11D3-BF4B-00C04F79EFBC}") = "Unity.Rider.Editor", "Unity.Rider.Editor.csproj", "{3A60BBB0-7E28-77E9-3DD1-01BEC9565095}"
EndProject
Project("{FAE04EC0-301F-11D3-BF4B-00C04F79EFBC}") = "Unity.InternalAPIEditorBridge.001", "Unity.InternalAPIEditorBridge.001.csproj", "{F56FD4C9-5795-20FA-AF10-4421F3CB9C8D}"
EndProject
Project("{FAE04EC0-301F-11D3-BF4B-00C04F79EFBC}") = "Unity.ResourceManager", "Unity.ResourceManager.csproj", "{E67856FA-1470-21B5-7107-0923B2557A6C}"
EndProject
Project("{FAE04EC0-301F-11D3-BF4B-00C04F79EFBC}") = "Unity.2D.SpriteShape.Runtime", "Unity.2D.SpriteShape.Runtime.csproj", "{A04E54A3-5906-5AB5-87CD-42692DD9AC82}"
EndProject
Project("{FAE04EC0-301F-11D3-BF4B-00C04F79EFBC}") = "Unity.Addressables", "Unity.Addressables.csproj", "{64918163-F261-58D7-106F-7AED8FA49C3C}"
EndProject
Project("{FAE04EC0-301F-11D3-BF4B-00C04F79EFBC}") = "Unity.AI.Navigation.Editor.ConversionSystem", "Unity.AI.Navigation.Editor.ConversionSystem.csproj", "{87699D6A-F7BF-57D8-1BEA-2C7C4147B6FD}"
EndProject
Project("{FAE04EC0-301F-11D3-BF4B-00C04F79EFBC}") = "Unity.VisualScripting.State.Editor", "Unity.VisualScripting.State.Editor.csproj", "{21102FEF-3D91-15D4-C79C-78650424C48B}"
EndProject
Project("{FAE04EC0-301F-11D3-BF4B-00C04F79EFBC}") = "UnityEngine.UI", "UnityEngine.UI.csproj", "{E0058E0E-C262-2B13-729E-10CF7BADA027}"
EndProject
Project("{FAE04EC0-301F-11D3-BF4B-00C04F79EFBC}") = "Unity.Burst.CodeGen", "Unity.Burst.CodeGen.csproj", "{0A07B0B4-CD9B-3B2A-D8F4-FEB22F6DA388}"
EndProject
Project("{FAE04EC0-301F-11D3-BF4B-00C04F79EFBC}") = "Unity.RenderPipeline.Universal.ShaderLibrary", "Unity.RenderPipeline.Universal.ShaderLibrary.csproj", "{97B49DFA-8F47-5A93-25CF-9C4FCEBC18D7}"
EndProject
Project("{FAE04EC0-301F-11D3-BF4B-00C04F79EFBC}") = "Unity.AI.Navigation", "Unity.AI.Navigation.csproj", "{A68C4D8F-261B-BEFC-52BF-EF0D3A096387}"
EndProject
Project("{FAE04EC0-301F-11D3-BF4B-00C04F79EFBC}") = "Unity.VisualScripting.State", "Unity.VisualScripting.State.csproj", "{FB263769-8DCB-0747-BC3F-77E1F88DBA47}"
EndProject
Project("{FAE04EC0-301F-11D3-BF4B-00C04F79EFBC}") = "Assembly-CSharp", "Assembly-CSharp.csproj", "{D9BDB201-B442-6988-977F-C20DA1CA3EB4}"
EndProject
Project("{FAE04EC0-301F-11D3-BF4B-00C04F79EFBC}") = "Unity.TextMeshPro", "Unity.TextMeshPro.csproj", "{07769853-5EB4-4252-ECE2-ADBFA7C0CB75}"
EndProject
Project("{FAE04EC0-301F-11D3-BF4B-00C04F79EFBC}") = "Unity.2D.Tilemap.Extras.Editor", "Unity.2D.Tilemap.Extras.Editor.csproj", "{5B87452B-4DFC-7938-50C4-1366B7A2CB06}"
EndProject
Project("{FAE04EC0-301F-11D3-BF4B-00C04F79EFBC}") = "Unity.InternalAPIEngineBridge.013", "Unity.InternalAPIEngineBridge.013.csproj", "{EB6E97F5-9DD6-0A7B-4337-4B21D5235046}"
EndProject
Project("{FAE04EC0-301F-11D3-BF4B-00C04F79EFBC}") = "Unity.2D.Animation.Runtime", "Unity.2D.Animation.Runtime.csproj", "{C9B713AD-DECE-C4A4-7EC1-D87737F01431}"
EndProject
Project("{FAE04EC0-301F-11D3-BF4B-00C04F79EFBC}") = "Unity.VisualScripting.SettingsProvider.Editor", "Unity.VisualScripting.SettingsProvider.Editor.csproj", "{DBE00453-9ADA-7FC7-A7C1-703A9EE748C8}"
EndProject
Project("{FAE04EC0-301F-11D3-BF4B-00C04F79EFBC}") = "Unity.2D.IK.Editor", "Unity.2D.IK.Editor.csproj", "{DCC9F7AE-C6DC-87D1-3D5E-DC8099726CCB}"
EndProject
Project("{FAE04EC0-301F-11D3-BF4B-00C04F79EFBC}") = "Unity.InternalAPIEngineBridge.001", "Unity.InternalAPIEngineBridge.001.csproj", "{F0ED4091-1D65-5489-6CE8-7ED21D7FE4AA}"
EndProject
Project("{FAE04EC0-301F-11D3-BF4B-00C04F79EFBC}") = "Unity.2D.Aseprite.Common", "Unity.2D.Aseprite.Common.csproj", "{2CC6998C-7F90-6230-B942-3508AF92EFA5}"
EndProject
Project("{FAE04EC0-301F-11D3-BF4B-00C04F79EFBC}") = "Unity.Burst.Editor", "Unity.Burst.Editor.csproj", "{1450218D-F6E0-3E7D-B487-62F082DF6D6A}"
EndProject
Project("{FAE04EC0-301F-11D3-BF4B-00C04F79EFBC}") = "Unity.2D.Common.Editor", "Unity.2D.Common.Editor.csproj", "{5308317F-F56A-F1C8-B456-77403A2E453C}"
EndProject
Project("{FAE04EC0-301F-11D3-BF4B-00C04F79EFBC}") = "Unity.AI.Navigation.Updater", "Unity.AI.Navigation.Updater.csproj", "{603ED7E8-4C28-CD75-082D-333CAEECA93A}"
EndProject
Project("{FAE04EC0-301F-11D3-BF4B-00C04F79EFBC}") = "Unity.InternalAPIEditorBridge.013", "Unity.InternalAPIEditorBridge.013.csproj", "{EF14F0FB-A378-85A1-5EEC-A76F99C6D7C2}"
EndProject
Project("{FAE04EC0-301F-11D3-BF4B-00C04F79EFBC}") = "Unity.2D.PixelPerfect", "Unity.2D.PixelPerfect.csproj", "{F61878D1-33A9-816A-4960-2A6E7463F3D5}"
EndProject
Project("{FAE04EC0-301F-11D3-BF4B-00C04F79EFBC}") = "Unity.2D.PixelPerfect.Editor", "Unity.2D.PixelPerfect.Editor.csproj", "{61196985-32B6-39EB-DA92-12F41E7C4BFC}"
EndProject
Project("{FAE04EC0-301F-11D3-BF4B-00C04F79EFBC}") = "Unity.2D.Common.Runtime", "Unity.2D.Common.Runtime.csproj", "{B3211947-2402-FC6C-8F99-5B154FAFB2B7}"
EndProject
Project("{FAE04EC0-301F-11D3-BF4B-00C04F79EFBC}") = "Unity.2D.Sprite.Editor", "Unity.2D.Sprite.Editor.csproj", "{900043BE-0DDE-ACA1-28C5-D1F3E652DC84}"
EndProject
Project("{FAE04EC0-301F-11D3-BF4B-00C04F79EFBC}") = "Unity.Mathematics.Editor", "Unity.Mathematics.Editor.csproj", "{72EC2375-5EE5-8443-205A-DE104930397E}"
EndProject
Project("{FAE04EC0-301F-11D3-BF4B-00C04F79EFBC}") = "Unity.2D.Tilemap.Extras", "Unity.2D.Tilemap.Extras.csproj", "{3B33EB23-4270-4E3E-0A09-2109CC2ED879}"
EndProject
Project("{FAE04EC0-301F-11D3-BF4B-00C04F79EFBC}") = "Unity.InternalAPIEditorBridge.005", "Unity.InternalAPIEditorBridge.005.csproj", "{F4447605-5289-6DD8-FE0E-7D4FB62B0F53}"
EndProject
Project("{FAE04EC0-301F-11D3-BF4B-00C04F79EFBC}") = "Unity.ShaderGraph.Utilities", "Unity.ShaderGraph.Utilities.csproj", "{74B3CD52-1EC4-829A-0A26-3921D489CEBB}"
EndProject
Project("{FAE04EC0-301F-11D3-BF4B-00C04F79EFBC}") = "Unity.VisualScripting.Shared.Editor", "Unity.VisualScripting.Shared.Editor.csproj", "{1F3BA3EA-2446-2096-2C08-00D7B1514444}"
EndProject
Project("{FAE04EC0-301F-11D3-BF4B-00C04F79EFBC}") = "Unity.ScriptableBuildPipeline", "Unity.ScriptableBuildPipeline.csproj", "{34CC5F5B-6D01-607B-1577-FC913E33F966}"
EndProject
Project("{FAE04EC0-301F-11D3-BF4B-00C04F79EFBC}") = "Unity.Collections.DocCodeSamples", "Unity.Collections.DocCodeSamples.csproj", "{4FE51BDE-3155-99E6-653C-D648F96C8504}"
EndProject
Project("{FAE04EC0-301F-11D3-BF4B-00C04F79EFBC}") = "Unity.Collections.BurstCompatibilityGen", "Unity.Collections.BurstCompatibilityGen.csproj", "{D089FC4C-B144-5156-B694-30D50E85A7DB}"
EndProject
Project("{FAE04EC0-301F-11D3-BF4B-00C04F79EFBC}") = "Unity.CollabProxy.Editor", "Unity.CollabProxy.Editor.csproj", "{032663CD-F1E1-E56E-C5ED-FBB0A5F90FE9}"
EndProject
Project("{FAE04EC0-301F-11D3-BF4B-00C04F79EFBC}") = "Unity.RenderPipelines.ShaderGraph.ShaderGraphLibrary", "Unity.RenderPipelines.ShaderGraph.ShaderGraphLibrary.csproj", "{E2FD2040-D0AD-BCBB-5874-3E8FF72ACF5B}"
EndProject
Project("{FAE04EC0-301F-11D3-BF4B-00C04F79EFBC}") = "Unity.RenderPipelines.Core.ShaderLibrary", "Unity.RenderPipelines.Core.ShaderLibrary.csproj", "{7E2DA8CA-C9F6-2158-D151-AD45536A1D50}"
EndProject
Project("{FAE04EC0-301F-11D3-BF4B-00C04F79EFBC}") = "Unity.RenderPipelines.Universal.Shaders", "Unity.RenderPipelines.Universal.Shaders.csproj", "{69E137B0-C725-EE4A-7A04-5FBB8DADED94}"
EndProject
Project("{FAE04EC0-301F-11D3-BF4B-00C04F79EFBC}") = "Unity.Timeline", "Unity.Timeline.Player.csproj", "{75E3FDEC-C3B0-43C4-AA7E-E9CD83B16FE8}"
EndProject
Project("{FAE04EC0-301F-11D3-BF4B-00C04F79EFBC}") = "Unity.Localization", "Unity.Localization.Player.csproj", "{24F0B691-6A94-7BA7-812F-D053221D5A29}"
EndProject
Project("{FAE04EC0-301F-11D3-BF4B-00C04F79EFBC}") = "Unity.VisualScripting.Flow", "Unity.VisualScripting.Flow.Player.csproj", "{FFFF39F8-56A8-6003-D87C-9291F7D50069}"
EndProject
Project("{FAE04EC0-301F-11D3-BF4B-00C04F79EFBC}") = "Unity.RenderPipelines.Universal.Runtime", "Unity.RenderPipelines.Universal.Runtime.Player.csproj", "{83054332-6FBE-85BD-09E1-2E1068FBC15F}"
EndProject
Project("{FAE04EC0-301F-11D3-BF4B-00C04F79EFBC}") = "Unity.RenderPipelines.Core.Runtime", "Unity.RenderPipelines.Core.Runtime.Player.csproj", "{A1E97601-6771-F37A-EC24-CCCB6DF822A6}"
EndProject
Project("{FAE04EC0-301F-11D3-BF4B-00C04F79EFBC}") = "Unity.Mathematics", "Unity.Mathematics.Player.csproj", "{6BB3A479-F4E6-3158-4764-F53883F592F1}"
EndProject
Project("{FAE04EC0-301F-11D3-BF4B-00C04F79EFBC}") = "Unity.2D.IK.Runtime", "Unity.2D.IK.Runtime.Player.csproj", "{368DEC0B-A857-CB8B-1E85-A12E79796719}"
EndProject
Project("{FAE04EC0-301F-11D3-BF4B-00C04F79EFBC}") = "UnityEngine.TestRunner", "UnityEngine.TestRunner.Player.csproj", "{1960B186-E979-0CA8-488A-27158D0976A4}"
EndProject
Project("{FAE04EC0-301F-11D3-BF4B-00C04F79EFBC}") = "Unity.VisualScripting.Core", "Unity.VisualScripting.Core.Player.csproj", "{20479A2F-877B-8858-4D68-6693EA9A7FF6}"
EndProject
Project("{FAE04EC0-301F-11D3-BF4B-00C04F79EFBC}") = "Unity.Burst", "Unity.Burst.Player.csproj", "{2894407B-6030-3B7B-FA52-EBAAD1760F8B}"
EndProject
Project("{FAE04EC0-301F-11D3-BF4B-00C04F79EFBC}") = "Unity.Collections", "Unity.Collections.Player.csproj", "{9BC96064-1C0C-B7CB-30B3-3AF05C1E4EF3}"
EndProject
Project("{FAE04EC0-301F-11D3-BF4B-00C04F79EFBC}") = "Unity.ResourceManager", "Unity.ResourceManager.Player.csproj", "{0B05FBE0-00BE-B298-EC11-7857102E019B}"
EndProject
Project("{FAE04EC0-301F-11D3-BF4B-00C04F79EFBC}") = "Unity.2D.SpriteShape.Runtime", "Unity.2D.SpriteShape.Runtime.Player.csproj", "{787DAAC9-FCEC-9C73-8390-D12B0F35A405}"
EndProject
Project("{FAE04EC0-301F-11D3-BF4B-00C04F79EFBC}") = "Unity.Addressables", "Unity.Addressables.Player.csproj", "{11348E6A-C9D2-D676-2C00-1EE412B4397C}"
EndProject
Project("{FAE04EC0-301F-11D3-BF4B-00C04F79EFBC}") = "UnityEngine.UI", "UnityEngine.UI.Player.csproj", "{86F03858-83DC-8B4E-9755-7B04B1BC0C26}"
EndProject
Project("{FAE04EC0-301F-11D3-BF4B-00C04F79EFBC}") = "Unity.RenderPipeline.Universal.ShaderLibrary", "Unity.RenderPipeline.Universal.ShaderLibrary.Player.csproj", "{EB5026CA-B209-211E-B454-A817928ED374}"
EndProject
Project("{FAE04EC0-301F-11D3-BF4B-00C04F79EFBC}") = "Unity.AI.Navigation", "Unity.AI.Navigation.Player.csproj", "{967799D5-DA8B-F898-4F68-069CCFBA89BF}"
EndProject
Project("{FAE04EC0-301F-11D3-BF4B-00C04F79EFBC}") = "Unity.VisualScripting.State", "Unity.VisualScripting.State.Player.csproj", "{08375F9D-74FE-9C46-F62F-CD909BD115D9}"
EndProject
Project("{FAE04EC0-301F-11D3-BF4B-00C04F79EFBC}") = "Assembly-CSharp", "Assembly-CSharp.Player.csproj", "{48D19BB9-CCAA-1CF4-9729-17700DF493AC}"
EndProject
Project("{FAE04EC0-301F-11D3-BF4B-00C04F79EFBC}") = "Unity.TextMeshPro", "Unity.TextMeshPro.Player.csproj", "{071351A6-87A3-DA3D-80A3-974858C5AAFD}"
EndProject
Project("{FAE04EC0-301F-11D3-BF4B-00C04F79EFBC}") = "Unity.InternalAPIEngineBridge.013", "Unity.InternalAPIEngineBridge.013.Player.csproj", "{87D92143-9F5C-4150-0696-F3051B439D8F}"
EndProject
Project("{FAE04EC0-301F-11D3-BF4B-00C04F79EFBC}") = "Unity.2D.Animation.Runtime", "Unity.2D.Animation.Runtime.Player.csproj", "{66EAAECC-384F-CF9B-7C7E-FFDE69C3F4EA}"
EndProject
Project("{FAE04EC0-301F-11D3-BF4B-00C04F79EFBC}") = "Unity.InternalAPIEngineBridge.001", "Unity.InternalAPIEngineBridge.001.Player.csproj", "{60B03185-05F9-B786-C55A-347044F58AA0}"
EndProject
Project("{FAE04EC0-301F-11D3-BF4B-00C04F79EFBC}") = "Unity.2D.PixelPerfect", "Unity.2D.PixelPerfect.Player.csproj", "{2D371D1A-4F27-835F-9C49-42EAFC7F325C}"
EndProject
Project("{FAE04EC0-301F-11D3-BF4B-00C04F79EFBC}") = "Unity.2D.Common.Runtime", "Unity.2D.Common.Runtime.Player.csproj", "{4603E359-73A0-9966-3822-AECE5F6A460F}"
EndProject
Project("{FAE04EC0-301F-11D3-BF4B-00C04F79EFBC}") = "Unity.2D.Tilemap.Extras", "Unity.2D.Tilemap.Extras.Player.csproj", "{7B5C0BAC-E28B-23AC-B9A1-1068A2448693}"
EndProject
Project("{FAE04EC0-301F-11D3-BF4B-00C04F79EFBC}") = "Unity.ScriptableBuildPipeline", "Unity.ScriptableBuildPipeline.Player.csproj", "{2FB739A7-52DA-95C5-5FEC-B1DCB6884F78}"
EndProject
Project("{FAE04EC0-301F-11D3-BF4B-00C04F79EFBC}") = "Unity.RenderPipelines.ShaderGraph.ShaderGraphLibrary", "Unity.RenderPipelines.ShaderGraph.ShaderGraphLibrary.Player.csproj", "{3BB3AB98-763D-B0D7-8E90-EFACBAF26EFA}"
EndProject
Project("{FAE04EC0-301F-11D3-BF4B-00C04F79EFBC}") = "Unity.RenderPipelines.Core.ShaderLibrary", "Unity.RenderPipelines.Core.ShaderLibrary.Player.csproj", "{9FD9A8C8-197E-F07B-57A7-65963ED512C1}"
EndProject
Project("{FAE04EC0-301F-11D3-BF4B-00C04F79EFBC}") = "Unity.RenderPipelines.Universal.Shaders", "Unity.RenderPipelines.Universal.Shaders.Player.csproj", "{CF9A72E7-EFC9-6469-A94C-9DD7BBFEA0FE}"
EndProject
Global
	GlobalSection(SolutionConfigurationPlatforms) = preSolution
		Debug|Any CPU = Debug|Any CPU
		Release|Any CPU = Release|Any CPU
	EndGlobalSection
	GlobalSection(ProjectConfigurationPlatforms) = postSolution
		{71289030-B4DB-59E2-590F-2837A3708A3B}.Debug|Any CPU.ActiveCfg = Debug|Any CPU
		{71289030-B4DB-59E2-590F-2837A3708A3B}.Debug|Any CPU.Build.0 = Debug|Any CPU
		{71289030-B4DB-59E2-590F-2837A3708A3B}.Release|Any CPU.ActiveCfg = Release|Any CPU
		{71289030-B4DB-59E2-590F-2837A3708A3B}.Release|Any CPU.Build.0 = Release|Any CPU
		{DC192A12-D35C-87E0-EA10-C5B612BF35FF}.Debug|Any CPU.ActiveCfg = Debug|Any CPU
		{DC192A12-D35C-87E0-EA10-C5B612BF35FF}.Debug|Any CPU.Build.0 = Debug|Any CPU
		{DC192A12-D35C-87E0-EA10-C5B612BF35FF}.Release|Any CPU.ActiveCfg = Release|Any CPU
		{DC192A12-D35C-87E0-EA10-C5B612BF35FF}.Release|Any CPU.Build.0 = Release|Any CPU
		{4F97D0F6-4BD8-E430-3148-E88B8A859E73}.Debug|Any CPU.ActiveCfg = Debug|Any CPU
		{4F97D0F6-4BD8-E430-3148-E88B8A859E73}.Debug|Any CPU.Build.0 = Debug|Any CPU
		{4F97D0F6-4BD8-E430-3148-E88B8A859E73}.Release|Any CPU.ActiveCfg = Release|Any CPU
		{4F97D0F6-4BD8-E430-3148-E88B8A859E73}.Release|Any CPU.Build.0 = Release|Any CPU
		{1B6E3540-4CBD-96E1-974A-F6C54E5BEED2}.Debug|Any CPU.ActiveCfg = Debug|Any CPU
		{1B6E3540-4CBD-96E1-974A-F6C54E5BEED2}.Debug|Any CPU.Build.0 = Debug|Any CPU
		{1B6E3540-4CBD-96E1-974A-F6C54E5BEED2}.Release|Any CPU.ActiveCfg = Release|Any CPU
		{1B6E3540-4CBD-96E1-974A-F6C54E5BEED2}.Release|Any CPU.Build.0 = Release|Any CPU
		{7CAC1EB4-D73D-FCA1-0CA4-A430BF5E32EE}.Debug|Any CPU.ActiveCfg = Debug|Any CPU
		{7CAC1EB4-D73D-FCA1-0CA4-A430BF5E32EE}.Debug|Any CPU.Build.0 = Debug|Any CPU
		{7CAC1EB4-D73D-FCA1-0CA4-A430BF5E32EE}.Release|Any CPU.ActiveCfg = Release|Any CPU
		{7CAC1EB4-D73D-FCA1-0CA4-A430BF5E32EE}.Release|Any CPU.Build.0 = Release|Any CPU
		{F530EE44-A2AF-4BA9-C3AC-C87E9CA907F0}.Debug|Any CPU.ActiveCfg = Debug|Any CPU
		{F530EE44-A2AF-4BA9-C3AC-C87E9CA907F0}.Debug|Any CPU.Build.0 = Debug|Any CPU
		{F530EE44-A2AF-4BA9-C3AC-C87E9CA907F0}.Release|Any CPU.ActiveCfg = Release|Any CPU
		{F530EE44-A2AF-4BA9-C3AC-C87E9CA907F0}.Release|Any CPU.Build.0 = Release|Any CPU
		{346DEB5C-DC2D-83A6-F3FF-4BF11613F11E}.Debug|Any CPU.ActiveCfg = Debug|Any CPU
		{346DEB5C-DC2D-83A6-F3FF-4BF11613F11E}.Debug|Any CPU.Build.0 = Debug|Any CPU
		{346DEB5C-DC2D-83A6-F3FF-4BF11613F11E}.Release|Any CPU.ActiveCfg = Release|Any CPU
		{346DEB5C-DC2D-83A6-F3FF-4BF11613F11E}.Release|Any CPU.Build.0 = Release|Any CPU
		{B635EEFF-B42C-E3B7-3C70-F710335D9E94}.Debug|Any CPU.ActiveCfg = Debug|Any CPU
		{B635EEFF-B42C-E3B7-3C70-F710335D9E94}.Debug|Any CPU.Build.0 = Debug|Any CPU
		{B635EEFF-B42C-E3B7-3C70-F710335D9E94}.Release|Any CPU.ActiveCfg = Release|Any CPU
		{B635EEFF-B42C-E3B7-3C70-F710335D9E94}.Release|Any CPU.Build.0 = Release|Any CPU
		{9F503B3C-DA93-B210-09BA-C27DCE957BC9}.Debug|Any CPU.ActiveCfg = Debug|Any CPU
		{9F503B3C-DA93-B210-09BA-C27DCE957BC9}.Debug|Any CPU.Build.0 = Debug|Any CPU
		{9F503B3C-DA93-B210-09BA-C27DCE957BC9}.Release|Any CPU.ActiveCfg = Release|Any CPU
		{9F503B3C-DA93-B210-09BA-C27DCE957BC9}.Release|Any CPU.Build.0 = Release|Any CPU
		{794EEDAD-3CB3-7F2B-E880-DF377CADE5B2}.Debug|Any CPU.ActiveCfg = Debug|Any CPU
		{794EEDAD-3CB3-7F2B-E880-DF377CADE5B2}.Debug|Any CPU.Build.0 = Debug|Any CPU
		{794EEDAD-3CB3-7F2B-E880-DF377CADE5B2}.Release|Any CPU.ActiveCfg = Release|Any CPU
		{794EEDAD-3CB3-7F2B-E880-DF377CADE5B2}.Release|Any CPU.Build.0 = Release|Any CPU
		{9FF123BB-79B5-FEFF-7AE5-569AFC8D664C}.Debug|Any CPU.ActiveCfg = Debug|Any CPU
		{9FF123BB-79B5-FEFF-7AE5-569AFC8D664C}.Debug|Any CPU.Build.0 = Debug|Any CPU
		{9FF123BB-79B5-FEFF-7AE5-569AFC8D664C}.Release|Any CPU.ActiveCfg = Release|Any CPU
		{9FF123BB-79B5-FEFF-7AE5-569AFC8D664C}.Release|Any CPU.Build.0 = Release|Any CPU
		{DF5D1B99-4DC6-662E-8F2F-939359B24F6E}.Debug|Any CPU.ActiveCfg = Debug|Any CPU
		{DF5D1B99-4DC6-662E-8F2F-939359B24F6E}.Debug|Any CPU.Build.0 = Debug|Any CPU
		{DF5D1B99-4DC6-662E-8F2F-939359B24F6E}.Release|Any CPU.ActiveCfg = Release|Any CPU
		{DF5D1B99-4DC6-662E-8F2F-939359B24F6E}.Release|Any CPU.Build.0 = Release|Any CPU
		{6B218D46-C624-93F4-39C0-6F86EFFDE4D0}.Debug|Any CPU.ActiveCfg = Debug|Any CPU
		{6B218D46-C624-93F4-39C0-6F86EFFDE4D0}.Debug|Any CPU.Build.0 = Debug|Any CPU
		{6B218D46-C624-93F4-39C0-6F86EFFDE4D0}.Release|Any CPU.ActiveCfg = Release|Any CPU
		{6B218D46-C624-93F4-39C0-6F86EFFDE4D0}.Release|Any CPU.Build.0 = Release|Any CPU
		{3E488443-7D1C-3621-BE82-A95D507341E3}.Debug|Any CPU.ActiveCfg = Debug|Any CPU
		{3E488443-7D1C-3621-BE82-A95D507341E3}.Debug|Any CPU.Build.0 = Debug|Any CPU
		{3E488443-7D1C-3621-BE82-A95D507341E3}.Release|Any CPU.ActiveCfg = Release|Any CPU
		{3E488443-7D1C-3621-BE82-A95D507341E3}.Release|Any CPU.Build.0 = Release|Any CPU
		{24E7DE66-E0BC-4CCC-BBE0-63BE6B6A62DA}.Debug|Any CPU.ActiveCfg = Debug|Any CPU
		{24E7DE66-E0BC-4CCC-BBE0-63BE6B6A62DA}.Debug|Any CPU.Build.0 = Debug|Any CPU
		{24E7DE66-E0BC-4CCC-BBE0-63BE6B6A62DA}.Release|Any CPU.ActiveCfg = Release|Any CPU
		{24E7DE66-E0BC-4CCC-BBE0-63BE6B6A62DA}.Release|Any CPU.Build.0 = Release|Any CPU
		{DFD4E6D0-20E5-ADCF-953A-126DA4D2508B}.Debug|Any CPU.ActiveCfg = Debug|Any CPU
		{DFD4E6D0-20E5-ADCF-953A-126DA4D2508B}.Debug|Any CPU.Build.0 = Debug|Any CPU
		{DFD4E6D0-20E5-ADCF-953A-126DA4D2508B}.Release|Any CPU.ActiveCfg = Release|Any CPU
		{DFD4E6D0-20E5-ADCF-953A-126DA4D2508B}.Release|Any CPU.Build.0 = Release|Any CPU
		{345F1E55-BD3F-EED6-57C9-56DFFF7FF2DE}.Debug|Any CPU.ActiveCfg = Debug|Any CPU
		{345F1E55-BD3F-EED6-57C9-56DFFF7FF2DE}.Debug|Any CPU.Build.0 = Debug|Any CPU
		{345F1E55-BD3F-EED6-57C9-56DFFF7FF2DE}.Release|Any CPU.ActiveCfg = Release|Any CPU
		{345F1E55-BD3F-EED6-57C9-56DFFF7FF2DE}.Release|Any CPU.Build.0 = Release|Any CPU
		{4B34E957-0682-1892-2889-9BCBD71AFB06}.Debug|Any CPU.ActiveCfg = Debug|Any CPU
		{4B34E957-0682-1892-2889-9BCBD71AFB06}.Debug|Any CPU.Build.0 = Debug|Any CPU
		{4B34E957-0682-1892-2889-9BCBD71AFB06}.Release|Any CPU.ActiveCfg = Release|Any CPU
		{4B34E957-0682-1892-2889-9BCBD71AFB06}.Release|Any CPU.Build.0 = Release|Any CPU
		{ABC7BF00-63BF-779F-46D6-DC141E0C6197}.Debug|Any CPU.ActiveCfg = Debug|Any CPU
		{ABC7BF00-63BF-779F-46D6-DC141E0C6197}.Debug|Any CPU.Build.0 = Debug|Any CPU
		{ABC7BF00-63BF-779F-46D6-DC141E0C6197}.Release|Any CPU.ActiveCfg = Release|Any CPU
		{ABC7BF00-63BF-779F-46D6-DC141E0C6197}.Release|Any CPU.Build.0 = Release|Any CPU
		{9FCF7AF2-1BC5-A3D9-820E-15CCDF8DFECF}.Debug|Any CPU.ActiveCfg = Debug|Any CPU
		{9FCF7AF2-1BC5-A3D9-820E-15CCDF8DFECF}.Debug|Any CPU.Build.0 = Debug|Any CPU
		{9FCF7AF2-1BC5-A3D9-820E-15CCDF8DFECF}.Release|Any CPU.ActiveCfg = Release|Any CPU
		{9FCF7AF2-1BC5-A3D9-820E-15CCDF8DFECF}.Release|Any CPU.Build.0 = Release|Any CPU
		{0C23B10D-BA5C-DF43-16E3-70C6BF6A842F}.Debug|Any CPU.ActiveCfg = Debug|Any CPU
		{0C23B10D-BA5C-DF43-16E3-70C6BF6A842F}.Debug|Any CPU.Build.0 = Debug|Any CPU
		{0C23B10D-BA5C-DF43-16E3-70C6BF6A842F}.Release|Any CPU.ActiveCfg = Release|Any CPU
		{0C23B10D-BA5C-DF43-16E3-70C6BF6A842F}.Release|Any CPU.Build.0 = Release|Any CPU
		{9A835412-8D7F-A45D-D202-33A47D38B020}.Debug|Any CPU.ActiveCfg = Debug|Any CPU
		{9A835412-8D7F-A45D-D202-33A47D38B020}.Debug|Any CPU.Build.0 = Debug|Any CPU
		{9A835412-8D7F-A45D-D202-33A47D38B020}.Release|Any CPU.ActiveCfg = Release|Any CPU
		{9A835412-8D7F-A45D-D202-33A47D38B020}.Release|Any CPU.Build.0 = Release|Any CPU
		{A185A17C-26FF-9A8C-1B48-FE4E488FB8BE}.Debug|Any CPU.ActiveCfg = Debug|Any CPU
		{A185A17C-26FF-9A8C-1B48-FE4E488FB8BE}.Debug|Any CPU.Build.0 = Debug|Any CPU
		{A185A17C-26FF-9A8C-1B48-FE4E488FB8BE}.Release|Any CPU.ActiveCfg = Release|Any CPU
		{A185A17C-26FF-9A8C-1B48-FE4E488FB8BE}.Release|Any CPU.Build.0 = Release|Any CPU
		{A180B0EE-1DEA-A7C7-004B-711A20D48F93}.Debug|Any CPU.ActiveCfg = Debug|Any CPU
		{A180B0EE-1DEA-A7C7-004B-711A20D48F93}.Debug|Any CPU.Build.0 = Debug|Any CPU
		{A180B0EE-1DEA-A7C7-004B-711A20D48F93}.Release|Any CPU.ActiveCfg = Release|Any CPU
		{A180B0EE-1DEA-A7C7-004B-711A20D48F93}.Release|Any CPU.Build.0 = Release|Any CPU
		{6349D0DC-3FCD-5F96-0341-E39870DFE025}.Debug|Any CPU.ActiveCfg = Debug|Any CPU
		{6349D0DC-3FCD-5F96-0341-E39870DFE025}.Debug|Any CPU.Build.0 = Debug|Any CPU
		{6349D0DC-3FCD-5F96-0341-E39870DFE025}.Release|Any CPU.ActiveCfg = Release|Any CPU
		{6349D0DC-3FCD-5F96-0341-E39870DFE025}.Release|Any CPU.Build.0 = Release|Any CPU
		{39077C47-2897-5E94-35E0-CF36CBCFFF4C}.Debug|Any CPU.ActiveCfg = Debug|Any CPU
		{39077C47-2897-5E94-35E0-CF36CBCFFF4C}.Debug|Any CPU.Build.0 = Debug|Any CPU
		{39077C47-2897-5E94-35E0-CF36CBCFFF4C}.Release|Any CPU.ActiveCfg = Release|Any CPU
		{39077C47-2897-5E94-35E0-CF36CBCFFF4C}.Release|Any CPU.Build.0 = Release|Any CPU
		{238A36B1-286A-E8E9-9595-536858D40718}.Debug|Any CPU.ActiveCfg = Debug|Any CPU
		{238A36B1-286A-E8E9-9595-536858D40718}.Debug|Any CPU.Build.0 = Debug|Any CPU
		{238A36B1-286A-E8E9-9595-536858D40718}.Release|Any CPU.ActiveCfg = Release|Any CPU
		{238A36B1-286A-E8E9-9595-536858D40718}.Release|Any CPU.Build.0 = Release|Any CPU
		{BE84F979-A360-8556-AD8F-134BD8B6ABB8}.Debug|Any CPU.ActiveCfg = Debug|Any CPU
		{BE84F979-A360-8556-AD8F-134BD8B6ABB8}.Debug|Any CPU.Build.0 = Debug|Any CPU
		{BE84F979-A360-8556-AD8F-134BD8B6ABB8}.Release|Any CPU.ActiveCfg = Release|Any CPU
		{BE84F979-A360-8556-AD8F-134BD8B6ABB8}.Release|Any CPU.Build.0 = Release|Any CPU
		{8059F7C7-18BD-48F9-99E0-259C0CA0DA3C}.Debug|Any CPU.ActiveCfg = Debug|Any CPU
		{8059F7C7-18BD-48F9-99E0-259C0CA0DA3C}.Debug|Any CPU.Build.0 = Debug|Any CPU
		{8059F7C7-18BD-48F9-99E0-259C0CA0DA3C}.Release|Any CPU.ActiveCfg = Release|Any CPU
		{8059F7C7-18BD-48F9-99E0-259C0CA0DA3C}.Release|Any CPU.Build.0 = Release|Any CPU
		{E81ED40B-93EC-4BAA-F4C2-0320C23F20D2}.Debug|Any CPU.ActiveCfg = Debug|Any CPU
		{E81ED40B-93EC-4BAA-F4C2-0320C23F20D2}.Debug|Any CPU.Build.0 = Debug|Any CPU
		{E81ED40B-93EC-4BAA-F4C2-0320C23F20D2}.Release|Any CPU.ActiveCfg = Release|Any CPU
		{E81ED40B-93EC-4BAA-F4C2-0320C23F20D2}.Release|Any CPU.Build.0 = Release|Any CPU
		{A1C3957C-EB72-6D43-A23A-86A0C773BA7B}.Debug|Any CPU.ActiveCfg = Debug|Any CPU
		{A1C3957C-EB72-6D43-A23A-86A0C773BA7B}.Debug|Any CPU.Build.0 = Debug|Any CPU
		{A1C3957C-EB72-6D43-A23A-86A0C773BA7B}.Release|Any CPU.ActiveCfg = Release|Any CPU
		{A1C3957C-EB72-6D43-A23A-86A0C773BA7B}.Release|Any CPU.Build.0 = Release|Any CPU
		{6CA8E2C1-F379-BDBC-A850-7E9EE86E3A46}.Debug|Any CPU.ActiveCfg = Debug|Any CPU
		{6CA8E2C1-F379-BDBC-A850-7E9EE86E3A46}.Debug|Any CPU.Build.0 = Debug|Any CPU
		{6CA8E2C1-F379-BDBC-A850-7E9EE86E3A46}.Release|Any CPU.ActiveCfg = Release|Any CPU
		{6CA8E2C1-F379-BDBC-A850-7E9EE86E3A46}.Release|Any CPU.Build.0 = Release|Any CPU
		{97843D33-F226-27C0-7E43-8F7D4E68D7FF}.Debug|Any CPU.ActiveCfg = Debug|Any CPU
		{97843D33-F226-27C0-7E43-8F7D4E68D7FF}.Debug|Any CPU.Build.0 = Debug|Any CPU
		{97843D33-F226-27C0-7E43-8F7D4E68D7FF}.Release|Any CPU.ActiveCfg = Release|Any CPU
		{97843D33-F226-27C0-7E43-8F7D4E68D7FF}.Release|Any CPU.Build.0 = Release|Any CPU
		{EC98E592-3563-4363-59B9-3FD59D1A41C7}.Debug|Any CPU.ActiveCfg = Debug|Any CPU
		{EC98E592-3563-4363-59B9-3FD59D1A41C7}.Debug|Any CPU.Build.0 = Debug|Any CPU
		{EC98E592-3563-4363-59B9-3FD59D1A41C7}.Release|Any CPU.ActiveCfg = Release|Any CPU
		{EC98E592-3563-4363-59B9-3FD59D1A41C7}.Release|Any CPU.Build.0 = Release|Any CPU
		{FB82D93B-5E81-8350-E36F-31E5D7DB60CB}.Debug|Any CPU.ActiveCfg = Debug|Any CPU
		{FB82D93B-5E81-8350-E36F-31E5D7DB60CB}.Debug|Any CPU.Build.0 = Debug|Any CPU
		{FB82D93B-5E81-8350-E36F-31E5D7DB60CB}.Release|Any CPU.ActiveCfg = Release|Any CPU
		{FB82D93B-5E81-8350-E36F-31E5D7DB60CB}.Release|Any CPU.Build.0 = Release|Any CPU
		{3A60BBB0-7E28-77E9-3DD1-01BEC9565095}.Debug|Any CPU.ActiveCfg = Debug|Any CPU
		{3A60BBB0-7E28-77E9-3DD1-01BEC9565095}.Debug|Any CPU.Build.0 = Debug|Any CPU
		{3A60BBB0-7E28-77E9-3DD1-01BEC9565095}.Release|Any CPU.ActiveCfg = Release|Any CPU
		{3A60BBB0-7E28-77E9-3DD1-01BEC9565095}.Release|Any CPU.Build.0 = Release|Any CPU
		{F56FD4C9-5795-20FA-AF10-4421F3CB9C8D}.Debug|Any CPU.ActiveCfg = Debug|Any CPU
		{F56FD4C9-5795-20FA-AF10-4421F3CB9C8D}.Debug|Any CPU.Build.0 = Debug|Any CPU
		{F56FD4C9-5795-20FA-AF10-4421F3CB9C8D}.Release|Any CPU.ActiveCfg = Release|Any CPU
		{F56FD4C9-5795-20FA-AF10-4421F3CB9C8D}.Release|Any CPU.Build.0 = Release|Any CPU
		{E67856FA-1470-21B5-7107-0923B2557A6C}.Debug|Any CPU.ActiveCfg = Debug|Any CPU
		{E67856FA-1470-21B5-7107-0923B2557A6C}.Debug|Any CPU.Build.0 = Debug|Any CPU
		{E67856FA-1470-21B5-7107-0923B2557A6C}.Release|Any CPU.ActiveCfg = Release|Any CPU
		{E67856FA-1470-21B5-7107-0923B2557A6C}.Release|Any CPU.Build.0 = Release|Any CPU
		{A04E54A3-5906-5AB5-87CD-42692DD9AC82}.Debug|Any CPU.ActiveCfg = Debug|Any CPU
		{A04E54A3-5906-5AB5-87CD-42692DD9AC82}.Debug|Any CPU.Build.0 = Debug|Any CPU
		{A04E54A3-5906-5AB5-87CD-42692DD9AC82}.Release|Any CPU.ActiveCfg = Release|Any CPU
		{A04E54A3-5906-5AB5-87CD-42692DD9AC82}.Release|Any CPU.Build.0 = Release|Any CPU
		{64918163-F261-58D7-106F-7AED8FA49C3C}.Debug|Any CPU.ActiveCfg = Debug|Any CPU
		{64918163-F261-58D7-106F-7AED8FA49C3C}.Debug|Any CPU.Build.0 = Debug|Any CPU
		{64918163-F261-58D7-106F-7AED8FA49C3C}.Release|Any CPU.ActiveCfg = Release|Any CPU
		{64918163-F261-58D7-106F-7AED8FA49C3C}.Release|Any CPU.Build.0 = Release|Any CPU
		{87699D6A-F7BF-57D8-1BEA-2C7C4147B6FD}.Debug|Any CPU.ActiveCfg = Debug|Any CPU
		{87699D6A-F7BF-57D8-1BEA-2C7C4147B6FD}.Debug|Any CPU.Build.0 = Debug|Any CPU
		{87699D6A-F7BF-57D8-1BEA-2C7C4147B6FD}.Release|Any CPU.ActiveCfg = Release|Any CPU
		{87699D6A-F7BF-57D8-1BEA-2C7C4147B6FD}.Release|Any CPU.Build.0 = Release|Any CPU
		{21102FEF-3D91-15D4-C79C-78650424C48B}.Debug|Any CPU.ActiveCfg = Debug|Any CPU
		{21102FEF-3D91-15D4-C79C-78650424C48B}.Debug|Any CPU.Build.0 = Debug|Any CPU
		{21102FEF-3D91-15D4-C79C-78650424C48B}.Release|Any CPU.ActiveCfg = Release|Any CPU
		{21102FEF-3D91-15D4-C79C-78650424C48B}.Release|Any CPU.Build.0 = Release|Any CPU
		{E0058E0E-C262-2B13-729E-10CF7BADA027}.Debug|Any CPU.ActiveCfg = Debug|Any CPU
		{E0058E0E-C262-2B13-729E-10CF7BADA027}.Debug|Any CPU.Build.0 = Debug|Any CPU
		{E0058E0E-C262-2B13-729E-10CF7BADA027}.Release|Any CPU.ActiveCfg = Release|Any CPU
		{E0058E0E-C262-2B13-729E-10CF7BADA027}.Release|Any CPU.Build.0 = Release|Any CPU
		{0A07B0B4-CD9B-3B2A-D8F4-FEB22F6DA388}.Debug|Any CPU.ActiveCfg = Debug|Any CPU
		{0A07B0B4-CD9B-3B2A-D8F4-FEB22F6DA388}.Debug|Any CPU.Build.0 = Debug|Any CPU
		{0A07B0B4-CD9B-3B2A-D8F4-FEB22F6DA388}.Release|Any CPU.ActiveCfg = Release|Any CPU
		{0A07B0B4-CD9B-3B2A-D8F4-FEB22F6DA388}.Release|Any CPU.Build.0 = Release|Any CPU
		{97B49DFA-8F47-5A93-25CF-9C4FCEBC18D7}.Debug|Any CPU.ActiveCfg = Debug|Any CPU
		{97B49DFA-8F47-5A93-25CF-9C4FCEBC18D7}.Debug|Any CPU.Build.0 = Debug|Any CPU
		{97B49DFA-8F47-5A93-25CF-9C4FCEBC18D7}.Release|Any CPU.ActiveCfg = Release|Any CPU
		{97B49DFA-8F47-5A93-25CF-9C4FCEBC18D7}.Release|Any CPU.Build.0 = Release|Any CPU
		{A68C4D8F-261B-BEFC-52BF-EF0D3A096387}.Debug|Any CPU.ActiveCfg = Debug|Any CPU
		{A68C4D8F-261B-BEFC-52BF-EF0D3A096387}.Debug|Any CPU.Build.0 = Debug|Any CPU
		{A68C4D8F-261B-BEFC-52BF-EF0D3A096387}.Release|Any CPU.ActiveCfg = Release|Any CPU
		{A68C4D8F-261B-BEFC-52BF-EF0D3A096387}.Release|Any CPU.Build.0 = Release|Any CPU
		{FB263769-8DCB-0747-BC3F-77E1F88DBA47}.Debug|Any CPU.ActiveCfg = Debug|Any CPU
		{FB263769-8DCB-0747-BC3F-77E1F88DBA47}.Debug|Any CPU.Build.0 = Debug|Any CPU
		{FB263769-8DCB-0747-BC3F-77E1F88DBA47}.Release|Any CPU.ActiveCfg = Release|Any CPU
		{FB263769-8DCB-0747-BC3F-77E1F88DBA47}.Release|Any CPU.Build.0 = Release|Any CPU
		{D9BDB201-B442-6988-977F-C20DA1CA3EB4}.Debug|Any CPU.ActiveCfg = Debug|Any CPU
		{D9BDB201-B442-6988-977F-C20DA1CA3EB4}.Debug|Any CPU.Build.0 = Debug|Any CPU
		{D9BDB201-B442-6988-977F-C20DA1CA3EB4}.Release|Any CPU.ActiveCfg = Release|Any CPU
		{D9BDB201-B442-6988-977F-C20DA1CA3EB4}.Release|Any CPU.Build.0 = Release|Any CPU
		{07769853-5EB4-4252-ECE2-ADBFA7C0CB75}.Debug|Any CPU.ActiveCfg = Debug|Any CPU
		{07769853-5EB4-4252-ECE2-ADBFA7C0CB75}.Debug|Any CPU.Build.0 = Debug|Any CPU
		{07769853-5EB4-4252-ECE2-ADBFA7C0CB75}.Release|Any CPU.ActiveCfg = Release|Any CPU
		{07769853-5EB4-4252-ECE2-ADBFA7C0CB75}.Release|Any CPU.Build.0 = Release|Any CPU
		{5B87452B-4DFC-7938-50C4-1366B7A2CB06}.Debug|Any CPU.ActiveCfg = Debug|Any CPU
		{5B87452B-4DFC-7938-50C4-1366B7A2CB06}.Debug|Any CPU.Build.0 = Debug|Any CPU
		{5B87452B-4DFC-7938-50C4-1366B7A2CB06}.Release|Any CPU.ActiveCfg = Release|Any CPU
		{5B87452B-4DFC-7938-50C4-1366B7A2CB06}.Release|Any CPU.Build.0 = Release|Any CPU
		{EB6E97F5-9DD6-0A7B-4337-4B21D5235046}.Debug|Any CPU.ActiveCfg = Debug|Any CPU
		{EB6E97F5-9DD6-0A7B-4337-4B21D5235046}.Debug|Any CPU.Build.0 = Debug|Any CPU
		{EB6E97F5-9DD6-0A7B-4337-4B21D5235046}.Release|Any CPU.ActiveCfg = Release|Any CPU
		{EB6E97F5-9DD6-0A7B-4337-4B21D5235046}.Release|Any CPU.Build.0 = Release|Any CPU
		{C9B713AD-DECE-C4A4-7EC1-D87737F01431}.Debug|Any CPU.ActiveCfg = Debug|Any CPU
		{C9B713AD-DECE-C4A4-7EC1-D87737F01431}.Debug|Any CPU.Build.0 = Debug|Any CPU
		{C9B713AD-DECE-C4A4-7EC1-D87737F01431}.Release|Any CPU.ActiveCfg = Release|Any CPU
		{C9B713AD-DECE-C4A4-7EC1-D87737F01431}.Release|Any CPU.Build.0 = Release|Any CPU
		{DBE00453-9ADA-7FC7-A7C1-703A9EE748C8}.Debug|Any CPU.ActiveCfg = Debug|Any CPU
		{DBE00453-9ADA-7FC7-A7C1-703A9EE748C8}.Debug|Any CPU.Build.0 = Debug|Any CPU
		{DBE00453-9ADA-7FC7-A7C1-703A9EE748C8}.Release|Any CPU.ActiveCfg = Release|Any CPU
		{DBE00453-9ADA-7FC7-A7C1-703A9EE748C8}.Release|Any CPU.Build.0 = Release|Any CPU
		{DCC9F7AE-C6DC-87D1-3D5E-DC8099726CCB}.Debug|Any CPU.ActiveCfg = Debug|Any CPU
		{DCC9F7AE-C6DC-87D1-3D5E-DC8099726CCB}.Debug|Any CPU.Build.0 = Debug|Any CPU
		{DCC9F7AE-C6DC-87D1-3D5E-DC8099726CCB}.Release|Any CPU.ActiveCfg = Release|Any CPU
		{DCC9F7AE-C6DC-87D1-3D5E-DC8099726CCB}.Release|Any CPU.Build.0 = Release|Any CPU
		{F0ED4091-1D65-5489-6CE8-7ED21D7FE4AA}.Debug|Any CPU.ActiveCfg = Debug|Any CPU
		{F0ED4091-1D65-5489-6CE8-7ED21D7FE4AA}.Debug|Any CPU.Build.0 = Debug|Any CPU
		{F0ED4091-1D65-5489-6CE8-7ED21D7FE4AA}.Release|Any CPU.ActiveCfg = Release|Any CPU
		{F0ED4091-1D65-5489-6CE8-7ED21D7FE4AA}.Release|Any CPU.Build.0 = Release|Any CPU
		{2CC6998C-7F90-6230-B942-3508AF92EFA5}.Debug|Any CPU.ActiveCfg = Debug|Any CPU
		{2CC6998C-7F90-6230-B942-3508AF92EFA5}.Debug|Any CPU.Build.0 = Debug|Any CPU
		{2CC6998C-7F90-6230-B942-3508AF92EFA5}.Release|Any CPU.ActiveCfg = Release|Any CPU
		{2CC6998C-7F90-6230-B942-3508AF92EFA5}.Release|Any CPU.Build.0 = Release|Any CPU
		{1450218D-F6E0-3E7D-B487-62F082DF6D6A}.Debug|Any CPU.ActiveCfg = Debug|Any CPU
		{1450218D-F6E0-3E7D-B487-62F082DF6D6A}.Debug|Any CPU.Build.0 = Debug|Any CPU
		{1450218D-F6E0-3E7D-B487-62F082DF6D6A}.Release|Any CPU.ActiveCfg = Release|Any CPU
		{1450218D-F6E0-3E7D-B487-62F082DF6D6A}.Release|Any CPU.Build.0 = Release|Any CPU
		{5308317F-F56A-F1C8-B456-77403A2E453C}.Debug|Any CPU.ActiveCfg = Debug|Any CPU
		{5308317F-F56A-F1C8-B456-77403A2E453C}.Debug|Any CPU.Build.0 = Debug|Any CPU
		{5308317F-F56A-F1C8-B456-77403A2E453C}.Release|Any CPU.ActiveCfg = Release|Any CPU
		{5308317F-F56A-F1C8-B456-77403A2E453C}.Release|Any CPU.Build.0 = Release|Any CPU
		{603ED7E8-4C28-CD75-082D-333CAEECA93A}.Debug|Any CPU.ActiveCfg = Debug|Any CPU
		{603ED7E8-4C28-CD75-082D-333CAEECA93A}.Debug|Any CPU.Build.0 = Debug|Any CPU
		{603ED7E8-4C28-CD75-082D-333CAEECA93A}.Release|Any CPU.ActiveCfg = Release|Any CPU
		{603ED7E8-4C28-CD75-082D-333CAEECA93A}.Release|Any CPU.Build.0 = Release|Any CPU
		{EF14F0FB-A378-85A1-5EEC-A76F99C6D7C2}.Debug|Any CPU.ActiveCfg = Debug|Any CPU
		{EF14F0FB-A378-85A1-5EEC-A76F99C6D7C2}.Debug|Any CPU.Build.0 = Debug|Any CPU
		{EF14F0FB-A378-85A1-5EEC-A76F99C6D7C2}.Release|Any CPU.ActiveCfg = Release|Any CPU
		{EF14F0FB-A378-85A1-5EEC-A76F99C6D7C2}.Release|Any CPU.Build.0 = Release|Any CPU
		{F61878D1-33A9-816A-4960-2A6E7463F3D5}.Debug|Any CPU.ActiveCfg = Debug|Any CPU
		{F61878D1-33A9-816A-4960-2A6E7463F3D5}.Debug|Any CPU.Build.0 = Debug|Any CPU
		{F61878D1-33A9-816A-4960-2A6E7463F3D5}.Release|Any CPU.ActiveCfg = Release|Any CPU
		{F61878D1-33A9-816A-4960-2A6E7463F3D5}.Release|Any CPU.Build.0 = Release|Any CPU
		{61196985-32B6-39EB-DA92-12F41E7C4BFC}.Debug|Any CPU.ActiveCfg = Debug|Any CPU
		{61196985-32B6-39EB-DA92-12F41E7C4BFC}.Debug|Any CPU.Build.0 = Debug|Any CPU
		{61196985-32B6-39EB-DA92-12F41E7C4BFC}.Release|Any CPU.ActiveCfg = Release|Any CPU
		{61196985-32B6-39EB-DA92-12F41E7C4BFC}.Release|Any CPU.Build.0 = Release|Any CPU
		{B3211947-2402-FC6C-8F99-5B154FAFB2B7}.Debug|Any CPU.ActiveCfg = Debug|Any CPU
		{B3211947-2402-FC6C-8F99-5B154FAFB2B7}.Debug|Any CPU.Build.0 = Debug|Any CPU
		{B3211947-2402-FC6C-8F99-5B154FAFB2B7}.Release|Any CPU.ActiveCfg = Release|Any CPU
		{B3211947-2402-FC6C-8F99-5B154FAFB2B7}.Release|Any CPU.Build.0 = Release|Any CPU
		{900043BE-0DDE-ACA1-28C5-D1F3E652DC84}.Debug|Any CPU.ActiveCfg = Debug|Any CPU
		{900043BE-0DDE-ACA1-28C5-D1F3E652DC84}.Debug|Any CPU.Build.0 = Debug|Any CPU
		{900043BE-0DDE-ACA1-28C5-D1F3E652DC84}.Release|Any CPU.ActiveCfg = Release|Any CPU
		{900043BE-0DDE-ACA1-28C5-D1F3E652DC84}.Release|Any CPU.Build.0 = Release|Any CPU
		{72EC2375-5EE5-8443-205A-DE104930397E}.Debug|Any CPU.ActiveCfg = Debug|Any CPU
		{72EC2375-5EE5-8443-205A-DE104930397E}.Debug|Any CPU.Build.0 = Debug|Any CPU
		{72EC2375-5EE5-8443-205A-DE104930397E}.Release|Any CPU.ActiveCfg = Release|Any CPU
		{72EC2375-5EE5-8443-205A-DE104930397E}.Release|Any CPU.Build.0 = Release|Any CPU
		{3B33EB23-4270-4E3E-0A09-2109CC2ED879}.Debug|Any CPU.ActiveCfg = Debug|Any CPU
		{3B33EB23-4270-4E3E-0A09-2109CC2ED879}.Debug|Any CPU.Build.0 = Debug|Any CPU
		{3B33EB23-4270-4E3E-0A09-2109CC2ED879}.Release|Any CPU.ActiveCfg = Release|Any CPU
		{3B33EB23-4270-4E3E-0A09-2109CC2ED879}.Release|Any CPU.Build.0 = Release|Any CPU
		{F4447605-5289-6DD8-FE0E-7D4FB62B0F53}.Debug|Any CPU.ActiveCfg = Debug|Any CPU
		{F4447605-5289-6DD8-FE0E-7D4FB62B0F53}.Debug|Any CPU.Build.0 = Debug|Any CPU
		{F4447605-5289-6DD8-FE0E-7D4FB62B0F53}.Release|Any CPU.ActiveCfg = Release|Any CPU
		{F4447605-5289-6DD8-FE0E-7D4FB62B0F53}.Release|Any CPU.Build.0 = Release|Any CPU
		{74B3CD52-1EC4-829A-0A26-3921D489CEBB}.Debug|Any CPU.ActiveCfg = Debug|Any CPU
		{74B3CD52-1EC4-829A-0A26-3921D489CEBB}.Debug|Any CPU.Build.0 = Debug|Any CPU
		{74B3CD52-1EC4-829A-0A26-3921D489CEBB}.Release|Any CPU.ActiveCfg = Release|Any CPU
		{74B3CD52-1EC4-829A-0A26-3921D489CEBB}.Release|Any CPU.Build.0 = Release|Any CPU
		{1F3BA3EA-2446-2096-2C08-00D7B1514444}.Debug|Any CPU.ActiveCfg = Debug|Any CPU
		{1F3BA3EA-2446-2096-2C08-00D7B1514444}.Debug|Any CPU.Build.0 = Debug|Any CPU
		{1F3BA3EA-2446-2096-2C08-00D7B1514444}.Release|Any CPU.ActiveCfg = Release|Any CPU
		{1F3BA3EA-2446-2096-2C08-00D7B1514444}.Release|Any CPU.Build.0 = Release|Any CPU
		{34CC5F5B-6D01-607B-1577-FC913E33F966}.Debug|Any CPU.ActiveCfg = Debug|Any CPU
		{34CC5F5B-6D01-607B-1577-FC913E33F966}.Debug|Any CPU.Build.0 = Debug|Any CPU
		{34CC5F5B-6D01-607B-1577-FC913E33F966}.Release|Any CPU.ActiveCfg = Release|Any CPU
		{34CC5F5B-6D01-607B-1577-FC913E33F966}.Release|Any CPU.Build.0 = Release|Any CPU
		{4FE51BDE-3155-99E6-653C-D648F96C8504}.Debug|Any CPU.ActiveCfg = Debug|Any CPU
		{4FE51BDE-3155-99E6-653C-D648F96C8504}.Debug|Any CPU.Build.0 = Debug|Any CPU
		{4FE51BDE-3155-99E6-653C-D648F96C8504}.Release|Any CPU.ActiveCfg = Release|Any CPU
		{4FE51BDE-3155-99E6-653C-D648F96C8504}.Release|Any CPU.Build.0 = Release|Any CPU
		{D089FC4C-B144-5156-B694-30D50E85A7DB}.Debug|Any CPU.ActiveCfg = Debug|Any CPU
		{D089FC4C-B144-5156-B694-30D50E85A7DB}.Debug|Any CPU.Build.0 = Debug|Any CPU
		{D089FC4C-B144-5156-B694-30D50E85A7DB}.Release|Any CPU.ActiveCfg = Release|Any CPU
		{D089FC4C-B144-5156-B694-30D50E85A7DB}.Release|Any CPU.Build.0 = Release|Any CPU
		{032663CD-F1E1-E56E-C5ED-FBB0A5F90FE9}.Debug|Any CPU.ActiveCfg = Debug|Any CPU
		{032663CD-F1E1-E56E-C5ED-FBB0A5F90FE9}.Debug|Any CPU.Build.0 = Debug|Any CPU
		{032663CD-F1E1-E56E-C5ED-FBB0A5F90FE9}.Release|Any CPU.ActiveCfg = Release|Any CPU
		{032663CD-F1E1-E56E-C5ED-FBB0A5F90FE9}.Release|Any CPU.Build.0 = Release|Any CPU
		{E2FD2040-D0AD-BCBB-5874-3E8FF72ACF5B}.Debug|Any CPU.ActiveCfg = Debug|Any CPU
		{E2FD2040-D0AD-BCBB-5874-3E8FF72ACF5B}.Debug|Any CPU.Build.0 = Debug|Any CPU
		{E2FD2040-D0AD-BCBB-5874-3E8FF72ACF5B}.Release|Any CPU.ActiveCfg = Release|Any CPU
		{E2FD2040-D0AD-BCBB-5874-3E8FF72ACF5B}.Release|Any CPU.Build.0 = Release|Any CPU
		{7E2DA8CA-C9F6-2158-D151-AD45536A1D50}.Debug|Any CPU.ActiveCfg = Debug|Any CPU
		{7E2DA8CA-C9F6-2158-D151-AD45536A1D50}.Debug|Any CPU.Build.0 = Debug|Any CPU
		{7E2DA8CA-C9F6-2158-D151-AD45536A1D50}.Release|Any CPU.ActiveCfg = Release|Any CPU
		{7E2DA8CA-C9F6-2158-D151-AD45536A1D50}.Release|Any CPU.Build.0 = Release|Any CPU
		{69E137B0-C725-EE4A-7A04-5FBB8DADED94}.Debug|Any CPU.ActiveCfg = Debug|Any CPU
		{69E137B0-C725-EE4A-7A04-5FBB8DADED94}.Debug|Any CPU.Build.0 = Debug|Any CPU
		{69E137B0-C725-EE4A-7A04-5FBB8DADED94}.Release|Any CPU.ActiveCfg = Release|Any CPU
		{69E137B0-C725-EE4A-7A04-5FBB8DADED94}.Release|Any CPU.Build.0 = Release|Any CPU
		{75E3FDEC-C3B0-43C4-AA7E-E9CD83B16FE8}.Debug|Any CPU.ActiveCfg = Debug|Any CPU
		{75E3FDEC-C3B0-43C4-AA7E-E9CD83B16FE8}.Debug|Any CPU.Build.0 = Debug|Any CPU
		{75E3FDEC-C3B0-43C4-AA7E-E9CD83B16FE8}.Release|Any CPU.ActiveCfg = Release|Any CPU
		{75E3FDEC-C3B0-43C4-AA7E-E9CD83B16FE8}.Release|Any CPU.Build.0 = Release|Any CPU
		{24F0B691-6A94-7BA7-812F-D053221D5A29}.Debug|Any CPU.ActiveCfg = Debug|Any CPU
		{24F0B691-6A94-7BA7-812F-D053221D5A29}.Debug|Any CPU.Build.0 = Debug|Any CPU
		{24F0B691-6A94-7BA7-812F-D053221D5A29}.Release|Any CPU.ActiveCfg = Release|Any CPU
		{24F0B691-6A94-7BA7-812F-D053221D5A29}.Release|Any CPU.Build.0 = Release|Any CPU
		{FFFF39F8-56A8-6003-D87C-9291F7D50069}.Debug|Any CPU.ActiveCfg = Debug|Any CPU
		{FFFF39F8-56A8-6003-D87C-9291F7D50069}.Debug|Any CPU.Build.0 = Debug|Any CPU
		{FFFF39F8-56A8-6003-D87C-9291F7D50069}.Release|Any CPU.ActiveCfg = Release|Any CPU
		{FFFF39F8-56A8-6003-D87C-9291F7D50069}.Release|Any CPU.Build.0 = Release|Any CPU
		{83054332-6FBE-85BD-09E1-2E1068FBC15F}.Debug|Any CPU.ActiveCfg = Debug|Any CPU
		{83054332-6FBE-85BD-09E1-2E1068FBC15F}.Debug|Any CPU.Build.0 = Debug|Any CPU
		{83054332-6FBE-85BD-09E1-2E1068FBC15F}.Release|Any CPU.ActiveCfg = Release|Any CPU
		{83054332-6FBE-85BD-09E1-2E1068FBC15F}.Release|Any CPU.Build.0 = Release|Any CPU
		{A1E97601-6771-F37A-EC24-CCCB6DF822A6}.Debug|Any CPU.ActiveCfg = Debug|Any CPU
		{A1E97601-6771-F37A-EC24-CCCB6DF822A6}.Debug|Any CPU.Build.0 = Debug|Any CPU
		{A1E97601-6771-F37A-EC24-CCCB6DF822A6}.Release|Any CPU.ActiveCfg = Release|Any CPU
		{A1E97601-6771-F37A-EC24-CCCB6DF822A6}.Release|Any CPU.Build.0 = Release|Any CPU
		{6BB3A479-F4E6-3158-4764-F53883F592F1}.Debug|Any CPU.ActiveCfg = Debug|Any CPU
		{6BB3A479-F4E6-3158-4764-F53883F592F1}.Debug|Any CPU.Build.0 = Debug|Any CPU
		{6BB3A479-F4E6-3158-4764-F53883F592F1}.Release|Any CPU.ActiveCfg = Release|Any CPU
		{6BB3A479-F4E6-3158-4764-F53883F592F1}.Release|Any CPU.Build.0 = Release|Any CPU
		{368DEC0B-A857-CB8B-1E85-A12E79796719}.Debug|Any CPU.ActiveCfg = Debug|Any CPU
		{368DEC0B-A857-CB8B-1E85-A12E79796719}.Debug|Any CPU.Build.0 = Debug|Any CPU
		{368DEC0B-A857-CB8B-1E85-A12E79796719}.Release|Any CPU.ActiveCfg = Release|Any CPU
		{368DEC0B-A857-CB8B-1E85-A12E79796719}.Release|Any CPU.Build.0 = Release|Any CPU
		{1960B186-E979-0CA8-488A-27158D0976A4}.Debug|Any CPU.ActiveCfg = Debug|Any CPU
		{1960B186-E979-0CA8-488A-27158D0976A4}.Debug|Any CPU.Build.0 = Debug|Any CPU
		{1960B186-E979-0CA8-488A-27158D0976A4}.Release|Any CPU.ActiveCfg = Release|Any CPU
		{1960B186-E979-0CA8-488A-27158D0976A4}.Release|Any CPU.Build.0 = Release|Any CPU
		{20479A2F-877B-8858-4D68-6693EA9A7FF6}.Debug|Any CPU.ActiveCfg = Debug|Any CPU
		{20479A2F-877B-8858-4D68-6693EA9A7FF6}.Debug|Any CPU.Build.0 = Debug|Any CPU
		{20479A2F-877B-8858-4D68-6693EA9A7FF6}.Release|Any CPU.ActiveCfg = Release|Any CPU
		{20479A2F-877B-8858-4D68-6693EA9A7FF6}.Release|Any CPU.Build.0 = Release|Any CPU
		{2894407B-6030-3B7B-FA52-EBAAD1760F8B}.Debug|Any CPU.ActiveCfg = Debug|Any CPU
		{2894407B-6030-3B7B-FA52-EBAAD1760F8B}.Debug|Any CPU.Build.0 = Debug|Any CPU
		{2894407B-6030-3B7B-FA52-EBAAD1760F8B}.Release|Any CPU.ActiveCfg = Release|Any CPU
		{2894407B-6030-3B7B-FA52-EBAAD1760F8B}.Release|Any CPU.Build.0 = Release|Any CPU
		{9BC96064-1C0C-B7CB-30B3-3AF05C1E4EF3}.Debug|Any CPU.ActiveCfg = Debug|Any CPU
		{9BC96064-1C0C-B7CB-30B3-3AF05C1E4EF3}.Debug|Any CPU.Build.0 = Debug|Any CPU
		{9BC96064-1C0C-B7CB-30B3-3AF05C1E4EF3}.Release|Any CPU.ActiveCfg = Release|Any CPU
		{9BC96064-1C0C-B7CB-30B3-3AF05C1E4EF3}.Release|Any CPU.Build.0 = Release|Any CPU
		{0B05FBE0-00BE-B298-EC11-7857102E019B}.Debug|Any CPU.ActiveCfg = Debug|Any CPU
		{0B05FBE0-00BE-B298-EC11-7857102E019B}.Debug|Any CPU.Build.0 = Debug|Any CPU
		{0B05FBE0-00BE-B298-EC11-7857102E019B}.Release|Any CPU.ActiveCfg = Release|Any CPU
		{0B05FBE0-00BE-B298-EC11-7857102E019B}.Release|Any CPU.Build.0 = Release|Any CPU
		{787DAAC9-FCEC-9C73-8390-D12B0F35A405}.Debug|Any CPU.ActiveCfg = Debug|Any CPU
		{787DAAC9-FCEC-9C73-8390-D12B0F35A405}.Debug|Any CPU.Build.0 = Debug|Any CPU
		{787DAAC9-FCEC-9C73-8390-D12B0F35A405}.Release|Any CPU.ActiveCfg = Release|Any CPU
		{787DAAC9-FCEC-9C73-8390-D12B0F35A405}.Release|Any CPU.Build.0 = Release|Any CPU
		{11348E6A-C9D2-D676-2C00-1EE412B4397C}.Debug|Any CPU.ActiveCfg = Debug|Any CPU
		{11348E6A-C9D2-D676-2C00-1EE412B4397C}.Debug|Any CPU.Build.0 = Debug|Any CPU
		{11348E6A-C9D2-D676-2C00-1EE412B4397C}.Release|Any CPU.ActiveCfg = Release|Any CPU
		{11348E6A-C9D2-D676-2C00-1EE412B4397C}.Release|Any CPU.Build.0 = Release|Any CPU
		{86F03858-83DC-8B4E-9755-7B04B1BC0C26}.Debug|Any CPU.ActiveCfg = Debug|Any CPU
		{86F03858-83DC-8B4E-9755-7B04B1BC0C26}.Debug|Any CPU.Build.0 = Debug|Any CPU
		{86F03858-83DC-8B4E-9755-7B04B1BC0C26}.Release|Any CPU.ActiveCfg = Release|Any CPU
		{86F03858-83DC-8B4E-9755-7B04B1BC0C26}.Release|Any CPU.Build.0 = Release|Any CPU
		{EB5026CA-B209-211E-B454-A817928ED374}.Debug|Any CPU.ActiveCfg = Debug|Any CPU
		{EB5026CA-B209-211E-B454-A817928ED374}.Debug|Any CPU.Build.0 = Debug|Any CPU
		{EB5026CA-B209-211E-B454-A817928ED374}.Release|Any CPU.ActiveCfg = Release|Any CPU
		{EB5026CA-B209-211E-B454-A817928ED374}.Release|Any CPU.Build.0 = Release|Any CPU
		{967799D5-DA8B-F898-4F68-069CCFBA89BF}.Debug|Any CPU.ActiveCfg = Debug|Any CPU
		{967799D5-DA8B-F898-4F68-069CCFBA89BF}.Debug|Any CPU.Build.0 = Debug|Any CPU
		{967799D5-DA8B-F898-4F68-069CCFBA89BF}.Release|Any CPU.ActiveCfg = Release|Any CPU
		{967799D5-DA8B-F898-4F68-069CCFBA89BF}.Release|Any CPU.Build.0 = Release|Any CPU
		{08375F9D-74FE-9C46-F62F-CD909BD115D9}.Debug|Any CPU.ActiveCfg = Debug|Any CPU
		{08375F9D-74FE-9C46-F62F-CD909BD115D9}.Debug|Any CPU.Build.0 = Debug|Any CPU
		{08375F9D-74FE-9C46-F62F-CD909BD115D9}.Release|Any CPU.ActiveCfg = Release|Any CPU
		{08375F9D-74FE-9C46-F62F-CD909BD115D9}.Release|Any CPU.Build.0 = Release|Any CPU
		{48D19BB9-CCAA-1CF4-9729-17700DF493AC}.Debug|Any CPU.ActiveCfg = Debug|Any CPU
		{48D19BB9-CCAA-1CF4-9729-17700DF493AC}.Debug|Any CPU.Build.0 = Debug|Any CPU
		{48D19BB9-CCAA-1CF4-9729-17700DF493AC}.Release|Any CPU.ActiveCfg = Release|Any CPU
		{48D19BB9-CCAA-1CF4-9729-17700DF493AC}.Release|Any CPU.Build.0 = Release|Any CPU
		{071351A6-87A3-DA3D-80A3-974858C5AAFD}.Debug|Any CPU.ActiveCfg = Debug|Any CPU
		{071351A6-87A3-DA3D-80A3-974858C5AAFD}.Debug|Any CPU.Build.0 = Debug|Any CPU
		{071351A6-87A3-DA3D-80A3-974858C5AAFD}.Release|Any CPU.ActiveCfg = Release|Any CPU
		{071351A6-87A3-DA3D-80A3-974858C5AAFD}.Release|Any CPU.Build.0 = Release|Any CPU
		{87D92143-9F5C-4150-0696-F3051B439D8F}.Debug|Any CPU.ActiveCfg = Debug|Any CPU
		{87D92143-9F5C-4150-0696-F3051B439D8F}.Debug|Any CPU.Build.0 = Debug|Any CPU
		{87D92143-9F5C-4150-0696-F3051B439D8F}.Release|Any CPU.ActiveCfg = Release|Any CPU
		{87D92143-9F5C-4150-0696-F3051B439D8F}.Release|Any CPU.Build.0 = Release|Any CPU
		{66EAAECC-384F-CF9B-7C7E-FFDE69C3F4EA}.Debug|Any CPU.ActiveCfg = Debug|Any CPU
		{66EAAECC-384F-CF9B-7C7E-FFDE69C3F4EA}.Debug|Any CPU.Build.0 = Debug|Any CPU
		{66EAAECC-384F-CF9B-7C7E-FFDE69C3F4EA}.Release|Any CPU.ActiveCfg = Release|Any CPU
		{66EAAECC-384F-CF9B-7C7E-FFDE69C3F4EA}.Release|Any CPU.Build.0 = Release|Any CPU
		{60B03185-05F9-B786-C55A-347044F58AA0}.Debug|Any CPU.ActiveCfg = Debug|Any CPU
		{60B03185-05F9-B786-C55A-347044F58AA0}.Debug|Any CPU.Build.0 = Debug|Any CPU
		{60B03185-05F9-B786-C55A-347044F58AA0}.Release|Any CPU.ActiveCfg = Release|Any CPU
		{60B03185-05F9-B786-C55A-347044F58AA0}.Release|Any CPU.Build.0 = Release|Any CPU
		{2D371D1A-4F27-835F-9C49-42EAFC7F325C}.Debug|Any CPU.ActiveCfg = Debug|Any CPU
		{2D371D1A-4F27-835F-9C49-42EAFC7F325C}.Debug|Any CPU.Build.0 = Debug|Any CPU
		{2D371D1A-4F27-835F-9C49-42EAFC7F325C}.Release|Any CPU.ActiveCfg = Release|Any CPU
		{2D371D1A-4F27-835F-9C49-42EAFC7F325C}.Release|Any CPU.Build.0 = Release|Any CPU
		{4603E359-73A0-9966-3822-AECE5F6A460F}.Debug|Any CPU.ActiveCfg = Debug|Any CPU
		{4603E359-73A0-9966-3822-AECE5F6A460F}.Debug|Any CPU.Build.0 = Debug|Any CPU
		{4603E359-73A0-9966-3822-AECE5F6A460F}.Release|Any CPU.ActiveCfg = Release|Any CPU
		{4603E359-73A0-9966-3822-AECE5F6A460F}.Release|Any CPU.Build.0 = Release|Any CPU
		{7B5C0BAC-E28B-23AC-B9A1-1068A2448693}.Debug|Any CPU.ActiveCfg = Debug|Any CPU
		{7B5C0BAC-E28B-23AC-B9A1-1068A2448693}.Debug|Any CPU.Build.0 = Debug|Any CPU
		{7B5C0BAC-E28B-23AC-B9A1-1068A2448693}.Release|Any CPU.ActiveCfg = Release|Any CPU
		{7B5C0BAC-E28B-23AC-B9A1-1068A2448693}.Release|Any CPU.Build.0 = Release|Any CPU
		{2FB739A7-52DA-95C5-5FEC-B1DCB6884F78}.Debug|Any CPU.ActiveCfg = Debug|Any CPU
		{2FB739A7-52DA-95C5-5FEC-B1DCB6884F78}.Debug|Any CPU.Build.0 = Debug|Any CPU
		{2FB739A7-52DA-95C5-5FEC-B1DCB6884F78}.Release|Any CPU.ActiveCfg = Release|Any CPU
		{2FB739A7-52DA-95C5-5FEC-B1DCB6884F78}.Release|Any CPU.Build.0 = Release|Any CPU
		{3BB3AB98-763D-B0D7-8E90-EFACBAF26EFA}.Debug|Any CPU.ActiveCfg = Debug|Any CPU
		{3BB3AB98-763D-B0D7-8E90-EFACBAF26EFA}.Debug|Any CPU.Build.0 = Debug|Any CPU
		{3BB3AB98-763D-B0D7-8E90-EFACBAF26EFA}.Release|Any CPU.ActiveCfg = Release|Any CPU
		{3BB3AB98-763D-B0D7-8E90-EFACBAF26EFA}.Release|Any CPU.Build.0 = Release|Any CPU
		{9FD9A8C8-197E-F07B-57A7-65963ED512C1}.Debug|Any CPU.ActiveCfg = Debug|Any CPU
		{9FD9A8C8-197E-F07B-57A7-65963ED512C1}.Debug|Any CPU.Build.0 = Debug|Any CPU
		{9FD9A8C8-197E-F07B-57A7-65963ED512C1}.Release|Any CPU.ActiveCfg = Release|Any CPU
		{9FD9A8C8-197E-F07B-57A7-65963ED512C1}.Release|Any CPU.Build.0 = Release|Any CPU
		{CF9A72E7-EFC9-6469-A94C-9DD7BBFEA0FE}.Debug|Any CPU.ActiveCfg = Debug|Any CPU
		{CF9A72E7-EFC9-6469-A94C-9DD7BBFEA0FE}.Debug|Any CPU.Build.0 = Debug|Any CPU
		{CF9A72E7-EFC9-6469-A94C-9DD7BBFEA0FE}.Release|Any CPU.ActiveCfg = Release|Any CPU
		{CF9A72E7-EFC9-6469-A94C-9DD7BBFEA0FE}.Release|Any CPU.Build.0 = Release|Any CPU
	EndGlobalSection
	GlobalSection(SolutionProperties) = preSolution
		HideSolutionNode = FALSE
	EndGlobalSection
EndGlobal
